
Microsoft Visual Studio Solution File, Format Version 11.00
# Visual Studio 2010
Project("{FAE04EC0-301F-11D3-BF4B-00C04F79EFBC}") = "Assembly-CSharp", "Assembly-CSharp.csproj", "{cc4bcfa2-8bf6-61ac-7e74-2481e2693570}"
EndProject
Project("{FAE04EC0-301F-11D3-BF4B-00C04F79EFBC}") = "PhotonUnityNetworking.Demos", "PhotonUnityNetworking.Demos.csproj", "{869c2ce8-eac8-e8d7-984d-9649fb588efa}"
EndProject
Project("{FAE04EC0-301F-11D3-BF4B-00C04F79EFBC}") = "NavMeshComponents", "NavMeshComponents.csproj", "{5e8fb340-9552-4c4e-0f87-1dccd3a2f61f}"
EndProject
Project("{FAE04EC0-301F-11D3-BF4B-00C04F79EFBC}") = "PhotonRealtime", "PhotonRealtime.csproj", "{0b7cc99b-3b7c-40dd-0adf-e5cbcfbcdab9}"
EndProject
Project("{FAE04EC0-301F-11D3-BF4B-00C04F79EFBC}") = "PhotonUnityNetworking", "PhotonUnityNetworking.csproj", "{dd620fab-aba4-fd7b-5d74-eb04245ee0a0}"
EndProject
Project("{FAE04EC0-301F-11D3-BF4B-00C04F79EFBC}") = "PhotonUnityNetworking.Utilities", "PhotonUnityNetworking.Utilities.csproj", "{ff5f8491-c030-6849-e3e5-45797568397c}"
EndProject
Project("{FAE04EC0-301F-11D3-BF4B-00C04F79EFBC}") = "PhotonChat", "PhotonChat.csproj", "{0d3d4827-cfe0-b8d7-72d0-d60c7d6e83aa}"
EndProject
Project("{FAE04EC0-301F-11D3-BF4B-00C04F79EFBC}") = "PhotonUnityNetworking.Editor", "PhotonUnityNetworking.Editor.csproj", "{6961f279-95eb-c677-7f9a-c301a0fca387}"
EndProject
Project("{FAE04EC0-301F-11D3-BF4B-00C04F79EFBC}") = "NavMeshComponentsEditor", "NavMeshComponentsEditor.csproj", "{a8728ce4-ae7d-14e8-2367-8b9c04f7887d}"
EndProject
Project("{FAE04EC0-301F-11D3-BF4B-00C04F79EFBC}") = "PhotonUnityNetworking.Utilities.PhotonPlayer.Editor", "PhotonUnityNetworking.Utilities.PhotonPlayer.Editor.csproj", "{7a95132d-b5b9-243b-833f-ff831f483430}"
EndProject
Project("{FAE04EC0-301F-11D3-BF4B-00C04F79EFBC}") = "PunDemos.DemoSlotcarEditor", "PunDemos.DemoSlotcarEditor.csproj", "{f76cc192-c420-1bd7-68e0-2769410728c1}"
EndProject
Project("{FAE04EC0-301F-11D3-BF4B-00C04F79EFBC}") = "PhotonUnityNetworking.Utilities.Culling.Editor", "PhotonUnityNetworking.Utilities.Culling.Editor.csproj", "{a0876c4a-91c6-c2fb-9ffc-f6b868cf6575}"
EndProject
Project("{FAE04EC0-301F-11D3-BF4B-00C04F79EFBC}") = "PunDemos.DemoHubEditor", "PunDemos.DemoHubEditor.csproj", "{ff813a59-c654-a1fb-d8c1-6bc4eef4c994}"
EndProject
Global
	GlobalSection(SolutionConfigurationPlatforms) = preSolution
		Debug|Any CPU = Debug|Any CPU
	EndGlobalSection
	GlobalSection(ProjectConfigurationPlatforms) = postSolution
		{cc4bcfa2-8bf6-61ac-7e74-2481e2693570}.Debug|Any CPU.ActiveCfg = Debug|Any CPU
		{cc4bcfa2-8bf6-61ac-7e74-2481e2693570}.Debug|Any CPU.Build.0 = Debug|Any CPU
		{869c2ce8-eac8-e8d7-984d-9649fb588efa}.Debug|Any CPU.ActiveCfg = Debug|Any CPU
		{869c2ce8-eac8-e8d7-984d-9649fb588efa}.Debug|Any CPU.Build.0 = Debug|Any CPU
		{5e8fb340-9552-4c4e-0f87-1dccd3a2f61f}.Debug|Any CPU.ActiveCfg = Debug|Any CPU
		{5e8fb340-9552-4c4e-0f87-1dccd3a2f61f}.Debug|Any CPU.Build.0 = Debug|Any CPU
		{0b7cc99b-3b7c-40dd-0adf-e5cbcfbcdab9}.Debug|Any CPU.ActiveCfg = Debug|Any CPU
		{0b7cc99b-3b7c-40dd-0adf-e5cbcfbcdab9}.Debug|Any CPU.Build.0 = Debug|Any CPU
		{dd620fab-aba4-fd7b-5d74-eb04245ee0a0}.Debug|Any CPU.ActiveCfg = Debug|Any CPU
		{dd620fab-aba4-fd7b-5d74-eb04245ee0a0}.Debug|Any CPU.Build.0 = Debug|Any CPU
		{ff5f8491-c030-6849-e3e5-45797568397c}.Debug|Any CPU.ActiveCfg = Debug|Any CPU
		{ff5f8491-c030-6849-e3e5-45797568397c}.Debug|Any CPU.Build.0 = Debug|Any CPU
		{0d3d4827-cfe0-b8d7-72d0-d60c7d6e83aa}.Debug|Any CPU.ActiveCfg = Debug|Any CPU
		{0d3d4827-cfe0-b8d7-72d0-d60c7d6e83aa}.Debug|Any CPU.Build.0 = Debug|Any CPU
		{6961f279-95eb-c677-7f9a-c301a0fca387}.Debug|Any CPU.ActiveCfg = Debug|Any CPU
		{6961f279-95eb-c677-7f9a-c301a0fca387}.Debug|Any CPU.Build.0 = Debug|Any CPU
		{a8728ce4-ae7d-14e8-2367-8b9c04f7887d}.Debug|Any CPU.ActiveCfg = Debug|Any CPU
		{a8728ce4-ae7d-14e8-2367-8b9c04f7887d}.Debug|Any CPU.Build.0 = Debug|Any CPU
		{7a95132d-b5b9-243b-833f-ff831f483430}.Debug|Any CPU.ActiveCfg = Debug|Any CPU
		{7a95132d-b5b9-243b-833f-ff831f483430}.Debug|Any CPU.Build.0 = Debug|Any CPU
		{f76cc192-c420-1bd7-68e0-2769410728c1}.Debug|Any CPU.ActiveCfg = Debug|Any CPU
		{f76cc192-c420-1bd7-68e0-2769410728c1}.Debug|Any CPU.Build.0 = Debug|Any CPU
		{a0876c4a-91c6-c2fb-9ffc-f6b868cf6575}.Debug|Any CPU.ActiveCfg = Debug|Any CPU
		{a0876c4a-91c6-c2fb-9ffc-f6b868cf6575}.Debug|Any CPU.Build.0 = Debug|Any CPU
		{ff813a59-c654-a1fb-d8c1-6bc4eef4c994}.Debug|Any CPU.ActiveCfg = Debug|Any CPU
		{ff813a59-c654-a1fb-d8c1-6bc4eef4c994}.Debug|Any CPU.Build.0 = Debug|Any CPU
	EndGlobalSection
	GlobalSection(SolutionProperties) = preSolution
		HideSolutionNode = FALSE
	EndGlobalSection
EndGlobal
